
Microsoft Visual Studio Solution File, Format Version 12.00
# Visual Studio 15
VisualStudioVersion = 15.0.27428.2002
MinimumVisualStudioVersion = 10.0.40219.1
Project("{FAE04EC0-301F-11D3-BF4B-00C04F79EFBC}") = "HelloWorld", "HelloWorld\HelloWorld.csproj", "{BD097D34-8007-4371-929E-B9E6C98D62D7}"
EndProject
Project("{FAE04EC0-301F-11D3-BF4B-00C04F79EFBC}") = "Domain", "Domain\Domain.csproj", "{E65682B6-F3F9-4876-AD14-E04B6AD24DED}"
EndProject
Project("{FAE04EC0-301F-11D3-BF4B-00C04F79EFBC}") = "Data", "Data\Data.csproj", "{FBE33E19-8B75-40D8-9481-E1FCB7C35656}"
EndProject
Project("{FAE04EC0-301F-11D3-BF4B-00C04F79EFBC}") = "Services", "Services\Services.csproj", "{826006B8-4E66-4234-B220-B48CAB9D3D04}"
	ProjectSection(ProjectDependencies) = postProject
		{FBE33E19-8B75-40D8-9481-E1FCB7C35656} = {FBE33E19-8B75-40D8-9481-E1FCB7C35656}
		{7FDA9D47-EBFC-41B6-8699-599F61051DB2} = {7FDA9D47-EBFC-41B6-8699-599F61051DB2}
		{E65682B6-F3F9-4876-AD14-E04B6AD24DED} = {E65682B6-F3F9-4876-AD14-E04B6AD24DED}
	EndProjectSection
EndProject
Project("{FAE04EC0-301F-11D3-BF4B-00C04F79EFBC}") = "Util", "Util\Util.csproj", "{7FDA9D47-EBFC-41B6-8699-599F61051DB2}"
EndProject
Project("{FAE04EC0-301F-11D3-BF4B-00C04F79EFBC}") = "Api", "Api\Api.csproj", "{65E18ADE-F456-4276-95FF-964EDF7FC4CE}"
	ProjectSection(ProjectDependencies) = postProject
		{FBE33E19-8B75-40D8-9481-E1FCB7C35656} = {FBE33E19-8B75-40D8-9481-E1FCB7C35656}
		{E65682B6-F3F9-4876-AD14-E04B6AD24DED} = {E65682B6-F3F9-4876-AD14-E04B6AD24DED}
		{826006B8-4E66-4234-B220-B48CAB9D3D04} = {826006B8-4E66-4234-B220-B48CAB9D3D04}
	EndProjectSection
EndProject
Project("{FAE04EC0-301F-11D3-BF4B-00C04F79EFBC}") = "Services.Tests", "Services.Tests\Services.Tests.csproj", "{2F246A86-CE07-4922-8D5D-BC66AF22F395}"
	ProjectSection(ProjectDependencies) = postProject
		{826006B8-4E66-4234-B220-B48CAB9D3D04} = {826006B8-4E66-4234-B220-B48CAB9D3D04}
	EndProjectSection
EndProject
Global
	GlobalSection(SolutionConfigurationPlatforms) = preSolution
		Debug|Any CPU = Debug|Any CPU
		Release|Any CPU = Release|Any CPU
	EndGlobalSection
	GlobalSection(ProjectConfigurationPlatforms) = postSolution
		{BD097D34-8007-4371-929E-B9E6C98D62D7}.Debug|Any CPU.ActiveCfg = Debug|Any CPU
		{BD097D34-8007-4371-929E-B9E6C98D62D7}.Debug|Any CPU.Build.0 = Debug|Any CPU
		{BD097D34-8007-4371-929E-B9E6C98D62D7}.Release|Any CPU.ActiveCfg = Release|Any CPU
		{BD097D34-8007-4371-929E-B9E6C98D62D7}.Release|Any CPU.Build.0 = Release|Any CPU
		{E65682B6-F3F9-4876-AD14-E04B6AD24DED}.Debug|Any CPU.ActiveCfg = Debug|Any CPU
		{E65682B6-F3F9-4876-AD14-E04B6AD24DED}.Debug|Any CPU.Build.0 = Debug|Any CPU
		{E65682B6-F3F9-4876-AD14-E04B6AD24DED}.Release|Any CPU.ActiveCfg = Release|Any CPU
		{E65682B6-F3F9-4876-AD14-E04B6AD24DED}.Release|Any CPU.Build.0 = Release|Any CPU
		{FBE33E19-8B75-40D8-9481-E1FCB7C35656}.Debug|Any CPU.ActiveCfg = Debug|Any CPU
		{FBE33E19-8B75-40D8-9481-E1FCB7C35656}.Debug|Any CPU.Build.0 = Debug|Any CPU
		{FBE33E19-8B75-40D8-9481-E1FCB7C35656}.Release|Any CPU.ActiveCfg = Release|Any CPU
		{FBE33E19-8B75-40D8-9481-E1FCB7C35656}.Release|Any CPU.Build.0 = Release|Any CPU
		{826006B8-4E66-4234-B220-B48CAB9D3D04}.Debug|Any CPU.ActiveCfg = Debug|Any CPU
		{826006B8-4E66-4234-B220-B48CAB9D3D04}.Debug|Any CPU.Build.0 = Debug|Any CPU
		{826006B8-4E66-4234-B220-B48CAB9D3D04}.Release|Any CPU.ActiveCfg = Release|Any CPU
		{826006B8-4E66-4234-B220-B48CAB9D3D04}.Release|Any CPU.Build.0 = Release|Any CPU
		{7FDA9D47-EBFC-41B6-8699-599F61051DB2}.Debug|Any CPU.ActiveCfg = Debug|Any CPU
		{7FDA9D47-EBFC-41B6-8699-599F61051DB2}.Debug|Any CPU.Build.0 = Debug|Any CPU
		{7FDA9D47-EBFC-41B6-8699-599F61051DB2}.Release|Any CPU.ActiveCfg = Release|Any CPU
		{7FDA9D47-EBFC-41B6-8699-599F61051DB2}.Release|Any CPU.Build.0 = Release|Any CPU
		{65E18ADE-F456-4276-95FF-964EDF7FC4CE}.Debug|Any CPU.ActiveCfg = Debug|Any CPU
		{65E18ADE-F456-4276-95FF-964EDF7FC4CE}.Debug|Any CPU.Build.0 = Debug|Any CPU
		{65E18ADE-F456-4276-95FF-964EDF7FC4CE}.Release|Any CPU.ActiveCfg = Release|Any CPU
		{65E18ADE-F456-4276-95FF-964EDF7FC4CE}.Release|Any CPU.Build.0 = Release|Any CPU
		{2F246A86-CE07-4922-8D5D-BC66AF22F395}.Debug|Any CPU.ActiveCfg = Debug|Any CPU
		{2F246A86-CE07-4922-8D5D-BC66AF22F395}.Debug|Any CPU.Build.0 = Debug|Any CPU
		{2F246A86-CE07-4922-8D5D-BC66AF22F395}.Release|Any CPU.ActiveCfg = Release|Any CPU
		{2F246A86-CE07-4922-8D5D-BC66AF22F395}.Release|Any CPU.Build.0 = Release|Any CPU
	EndGlobalSection
	GlobalSection(SolutionProperties) = preSolution
		HideSolutionNode = FALSE
	EndGlobalSection
	GlobalSection(ExtensibilityGlobals) = postSolution
		SolutionGuid = {B6A25389-55B6-452A-9E82-854CD09A211C}
	EndGlobalSection
EndGlobal
